// !$*UTF8*$!
{
	archiveVersion = 1;
	classes = {
	};
	objectVersion = 77;
	objects = {

/* Begin PBXBuildFile section */
		C37F67AE2CF141A100496604 /* .gitignore in Resources */ = {isa = PBXBuildFile; fileRef = C37F67AD2CF1419A00496604 /* .gitignore */; };
/* End PBXBuildFile section */

/* Begin PBXContainerItemProxy section */
		C37F66E32CF1328B00496604 /* PBXContainerItemProxy */ = {
			isa = PBXContainerItemProxy;
			containerPortal = C37F66C52CF1328900496604 /* Project object */;
			proxyType = 1;
			remoteGlobalIDString = C37F66CC2CF1328900496604;
			remoteInfo = DogHealthTracker;
		};
		C37F66ED2CF1328B00496604 /* PBXContainerItemProxy */ = {
			isa = PBXContainerItemProxy;
			containerPortal = C37F66C52CF1328900496604 /* Project object */;
			proxyType = 1;
			remoteGlobalIDString = C37F66CC2CF1328900496604;
			remoteInfo = DogHealthTracker;
		};
/* End PBXContainerItemProxy section */

/* Begin PBXFileReference section */
		C37F66CD2CF1328900496604 /* DogHealthTracker.app */ = {isa = PBXFileReference; explicitFileType = wrapper.application; includeInIndex = 0; path = DogHealthTracker.app; sourceTree = BUILT_PRODUCTS_DIR; };
		C37F66E22CF1328B00496604 /* DogHealthTrackerTests.xctest */ = {isa = PBXFileReference; explicitFileType = wrapper.cfbundle; includeInIndex = 0; path = DogHealthTrackerTests.xctest; sourceTree = BUILT_PRODUCTS_DIR; };
		C37F66EC2CF1328B00496604 /* DogHealthTrackerUITests.xctest */ = {isa = PBXFileReference; explicitFileType = wrapper.cfbundle; includeInIndex = 0; path = DogHealthTrackerUITests.xctest; sourceTree = BUILT_PRODUCTS_DIR; };
		C37F67AD2CF1419A00496604 /* .gitignore */ = {isa = PBXFileReference; lastKnownFileType = text; path = .gitignore; sourceTree = "<group>"; };
/* End PBXFileReference section */

/* Begin PBXFileSystemSynchronizedRootGroup section */
		C37F66E52CF1328B00496604 /* DogHealthTrackerTests */ = {
			isa = PBXFileSystemSynchronizedRootGroup;
			path = DogHealthTrackerTests;
			sourceTree = "<group>";
		};
		C37F66EF2CF1328B00496604 /* DogHealthTrackerUITests */ = {
			isa = PBXFileSystemSynchronizedRootGroup;
			path = DogHealthTrackerUITests;
			sourceTree = "<group>";
		};
		C37F68B22D361B5200496604 /* DogHealthTracker */ = {
			isa = PBXFileSystemSynchronizedRootGroup;
			path = DogHealthTracker;
			sourceTree = "<group>";
		};
/* End PBXFileSystemSynchronizedRootGroup section */

/* Begin PBXFrameworksBuildPhase section */
		C37F66CA2CF1328900496604 /* Frameworks */ = {
			isa = PBXFrameworksBuildPhase;
			buildActionMask = 2147483647;
			files = (
			);
			runOnlyForDeploymentPostprocessing = 0;
		};
		C37F66DF2CF1328B00496604 /* Frameworks */ = {
			isa = PBXFrameworksBuildPhase;
			buildActionMask = 2147483647;
			files = (
			);
			runOnlyForDeploymentPostprocessing = 0;
		};
		C37F66E92CF1328B00496604 /* Frameworks */ = {
			isa = PBXFrameworksBuildPhase;
			buildActionMask = 2147483647;
			files = (
			);
			runOnlyForDeploymentPostprocessing = 0;
		};
/* End PBXFrameworksBuildPhase section */

/* Begin PBXGroup section */
		C37F66C42CF1328900496604 = {
			isa = PBXGroup;
			children = (
				C37F67AD2CF1419A00496604 /* .gitignore */,
				C37F66E52CF1328B00496604 /* DogHealthTrackerTests */,
				C37F66EF2CF1328B00496604 /* DogHealthTrackerUITests */,
				C37F66CE2CF1328900496604 /* Products */,
				C37F68B22D361B5200496604 /* DogHealthTracker */,
			);
			sourceTree = "<group>";
		};
		C37F66CE2CF1328900496604 /* Products */ = {
			isa = PBXGroup;
			children = (
				C37F66CD2CF1328900496604 /* DogHealthTracker.app */,
				C37F66E22CF1328B00496604 /* DogHealthTrackerTests.xctest */,
				C37F66EC2CF1328B00496604 /* DogHealthTrackerUITests.xctest */,
			);
			name = Products;
			sourceTree = "<group>";
		};
/* End PBXGroup section */

/* Begin PBXNativeTarget section */
		C37F66CC2CF1328900496604 /* DogHealthTracker */ = {
			isa = PBXNativeTarget;
			buildConfigurationList = C37F66F62CF1328B00496604 /* Build configuration list for PBXNativeTarget "DogHealthTracker" */;
			buildPhases = (
				C37F66C92CF1328900496604 /* Sources */,
				C37F66CA2CF1328900496604 /* Frameworks */,
				C37F66CB2CF1328900496604 /* Resources */,
			);
			buildRules = (
			);
			dependencies = (
			);
			fileSystemSynchronizedGroups = (
				C37F68B22D361B5200496604 /* DogHealthTracker */,
			);
			name = DogHealthTracker;
			packageProductDependencies = (
			);
			productName = DogHealthTracker;
			productReference = C37F66CD2CF1328900496604 /* DogHealthTracker.app */;
			productType = "com.apple.product-type.application";
		};
		C37F66E12CF1328B00496604 /* DogHealthTrackerTests */ = {
			isa = PBXNativeTarget;
			buildConfigurationList = C37F66F92CF1328B00496604 /* Build configuration list for PBXNativeTarget "DogHealthTrackerTests" */;
			buildPhases = (
				C37F66DE2CF1328B00496604 /* Sources */,
				C37F66DF2CF1328B00496604 /* Frameworks */,
				C37F66E02CF1328B00496604 /* Resources */,
			);
			buildRules = (
			);
			dependencies = (
				C37F66E42CF1328B00496604 /* PBXTargetDependency */,
			);
			fileSystemSynchronizedGroups = (
				C37F66E52CF1328B00496604 /* DogHealthTrackerTests */,
			);
			name = DogHealthTrackerTests;
			packageProductDependencies = (
			);
			productName = DogHealthTrackerTests;
			productReference = C37F66E22CF1328B00496604 /* DogHealthTrackerTests.xctest */;
			productType = "com.apple.product-type.bundle.unit-test";
		};
		C37F66EB2CF1328B00496604 /* DogHealthTrackerUITests */ = {
			isa = PBXNativeTarget;
			buildConfigurationList = C37F66FC2CF1328B00496604 /* Build configuration list for PBXNativeTarget "DogHealthTrackerUITests" */;
			buildPhases = (
				C37F66E82CF1328B00496604 /* Sources */,
				C37F66E92CF1328B00496604 /* Frameworks */,
				C37F66EA2CF1328B00496604 /* Resources */,
			);
			buildRules = (
			);
			dependencies = (
				C37F66EE2CF1328B00496604 /* PBXTargetDependency */,
			);
			fileSystemSynchronizedGroups = (
				C37F66EF2CF1328B00496604 /* DogHealthTrackerUITests */,
			);
			name = DogHealthTrackerUITests;
			packageProductDependencies = (
			);
			productName = DogHealthTrackerUITests;
			productReference = C37F66EC2CF1328B00496604 /* DogHealthTrackerUITests.xctest */;
			productType = "com.apple.product-type.bundle.ui-testing";
		};
/* End PBXNativeTarget section */

/* Begin PBXProject section */
		C37F66C52CF1328900496604 /* Project object */ = {
			isa = PBXProject;
			attributes = {
				BuildIndependentTargetsInParallel = 1;
				LastSwiftUpdateCheck = 1610;
				LastUpgradeCheck = 1610;
				TargetAttributes = {
					C37F66CC2CF1328900496604 = {
						CreatedOnToolsVersion = 16.1;
					};
					C37F66E12CF1328B00496604 = {
						CreatedOnToolsVersion = 16.1;
						TestTargetID = C37F66CC2CF1328900496604;
					};
					C37F66EB2CF1328B00496604 = {
						CreatedOnToolsVersion = 16.1;
						TestTargetID = C37F66CC2CF1328900496604;
					};
				};
			};
			buildConfigurationList = C37F66C82CF1328900496604 /* Build configuration list for PBXProject "DogHealthTracker" */;
			developmentRegion = en;
			hasScannedForEncodings = 0;
			knownRegions = (
				en,
				Base,
			);
			mainGroup = C37F66C42CF1328900496604;
			minimizedProjectReferenceProxies = 1;
			preferredProjectObjectVersion = 77;
			productRefGroup = C37F66CE2CF1328900496604 /* Products */;
			projectDirPath = "";
			projectRoot = "";
			targets = (
				C37F66CC2CF1328900496604 /* DogHealthTracker */,
				C37F66E12CF1328B00496604 /* DogHealthTrackerTests */,
				C37F66EB2CF1328B00496604 /* DogHealthTrackerUITests */,
			);
		};
/* End PBXProject section */

/* Begin PBXResourcesBuildPhase section */
		C37F66CB2CF1328900496604 /* Resources */ = {
			isa = PBXResourcesBuildPhase;
			buildActionMask = 2147483647;
			files = (
				C37F67AE2CF141A100496604 /* .gitignore in Resources */,
			);
			runOnlyForDeploymentPostprocessing = 0;
		};
		C37F66E02CF1328B00496604 /* Resources */ = {
			isa = PBXResourcesBuildPhase;
			buildActionMask = 2147483647;
			files = (
			);
			runOnlyForDeploymentPostprocessing = 0;
		};
		C37F66EA2CF1328B00496604 /* Resources */ = {
			isa = PBXResourcesBuildPhase;
			buildActionMask = 2147483647;
			files = (
			);
			runOnlyForDeploymentPostprocessing = 0;
		};
/* End PBXResourcesBuildPhase section */

/* Begin PBXSourcesBuildPhase section */
		C37F66C92CF1328900496604 /* Sources */ = {
			isa = PBXSourcesBuildPhase;
			buildActionMask = 2147483647;
			files = (
			);
			runOnlyForDeploymentPostprocessing = 0;
		};
		C37F66DE2CF1328B00496604 /* Sources */ = {
			isa = PBXSourcesBuildPhase;
			buildActionMask = 2147483647;
			files = (
			);
			runOnlyForDeploymentPostprocessing = 0;
		};
		C37F66E82CF1328B00496604 /* Sources */ = {
			isa = PBXSourcesBuildPhase;
			buildActionMask = 2147483647;
			files = (
			);
			runOnlyForDeploymentPostprocessing = 0;
		};
/* End PBXSourcesBuildPhase section */

/* Begin PBXTargetDependency section */
		C37F66E42CF1328B00496604 /* PBXTargetDependency */ = {
			isa = PBXTargetDependency;
			target = C37F66CC2CF1328900496604 /* DogHealthTracker */;
			targetProxy = C37F66E32CF1328B00496604 /* PBXContainerItemProxy */;
		};
		C37F66EE2CF1328B00496604 /* PBXTargetDependency */ = {
			isa = PBXTargetDependency;
			target = C37F66CC2CF1328900496604 /* DogHealthTracker */;
			targetProxy = C37F66ED2CF1328B00496604 /* PBXContainerItemProxy */;
		};
/* End PBXTargetDependency section */

/* Begin XCBuildConfiguration section */
		C37F66F42CF1328B00496604 /* Debug */ = {
			isa = XCBuildConfiguration;
			buildSettings = {
				ALWAYS_SEARCH_USER_PATHS = NO;
				ASSETCATALOG_COMPILER_GENERATE_SWIFT_ASSET_SYMBOL_EXTENSIONS = YES;
				CLANG_ANALYZER_NONNULL = YES;
				CLANG_ANALYZER_NUMBER_OBJECT_CONVERSION = YES_AGGRESSIVE;
				CLANG_CXX_LANGUAGE_STANDARD = "gnu++20";
				CLANG_ENABLE_MODULES = YES;
				CLANG_ENABLE_OBJC_ARC = YES;
				CLANG_ENABLE_OBJC_WEAK = YES;
				CLANG_WARN_BLOCK_CAPTURE_AUTORELEASING = YES;
				CLANG_WARN_BOOL_CONVERSION = YES;
				CLANG_WARN_COMMA = YES;
				CLANG_WARN_CONSTANT_CONVERSION = YES;
				CLANG_WARN_DEPRECATED_OBJC_IMPLEMENTATIONS = YES;
				CLANG_WARN_DIRECT_OBJC_ISA_USAGE = YES_ERROR;
				CLANG_WARN_DOCUMENTATION_COMMENTS = YES;
				CLANG_WARN_EMPTY_BODY = YES;
				CLANG_WARN_ENUM_CONVERSION = YES;
				CLANG_WARN_INFINITE_RECURSION = YES;
				CLANG_WARN_INT_CONVERSION = YES;
				CLANG_WARN_NON_LITERAL_NULL_CONVERSION = YES;
				CLANG_WARN_OBJC_IMPLICIT_RETAIN_SELF = YES;
				CLANG_WARN_OBJC_LITERAL_CONVERSION = YES;
				CLANG_WARN_OBJC_ROOT_CLASS = YES_ERROR;
				CLANG_WARN_QUOTED_INCLUDE_IN_FRAMEWORK_HEADER = YES;
				CLANG_WARN_RANGE_LOOP_ANALYSIS = YES;
				CLANG_WARN_STRICT_PROTOTYPES = YES;
				CLANG_WARN_SUSPICIOUS_MOVE = YES;
				CLANG_WARN_UNGUARDED_AVAILABILITY = YES_AGGRESSIVE;
				CLANG_WARN_UNREACHABLE_CODE = YES;
				CLANG_WARN__DUPLICATE_METHOD_MATCH = YES;
				COPY_PHASE_STRIP = NO;
				DEBUG_INFORMATION_FORMAT = dwarf;
				ENABLE_STRICT_OBJC_MSGSEND = YES;
				ENABLE_TESTABILITY = YES;
				ENABLE_USER_SCRIPT_SANDBOXING = YES;
				GCC_C_LANGUAGE_STANDARD = gnu17;
				GCC_DYNAMIC_NO_PIC = NO;
				GCC_NO_COMMON_BLOCKS = YES;
				GCC_OPTIMIZATION_LEVEL = 0;
				GCC_PREPROCESSOR_DEFINITIONS = (
					"DEBUG=1",
					"$(inherited)",
				);
				GCC_WARN_64_TO_32_BIT_CONVERSION = YES;
				GCC_WARN_ABOUT_RETURN_TYPE = YES_ERROR;
				GCC_WARN_UNDECLARED_SELECTOR = YES;
				GCC_WARN_UNINITIALIZED_AUTOS = YES_AGGRESSIVE;
				GCC_WARN_UNUSED_FUNCTION = YES;
				GCC_WARN_UNUSED_VARIABLE = YES;
				IPHONEOS_DEPLOYMENT_TARGET = 18.1;
				LOCALIZATION_PREFERS_STRING_CATALOGS = YES;
				MTL_ENABLE_DEBUG_INFO = INCLUDE_SOURCE;
				MTL_FAST_MATH = YES;
				ONLY_ACTIVE_ARCH = YES;
				SDKROOT = iphoneos;
				SWIFT_ACTIVE_COMPILATION_CONDITIONS = "DEBUG $(inherited)";
				SWIFT_OPTIMIZATION_LEVEL = "-Onone";
			};
			name = Debug;
		};
		C37F66F52CF1328B00496604 /* Release */ = {
			isa = XCBuildConfiguration;
			buildSettings = {
				ALWAYS_SEARCH_USER_PATHS = NO;
				ASSETCATALOG_COMPILER_GENERATE_SWIFT_ASSET_SYMBOL_EXTENSIONS = YES;
				CLANG_ANALYZER_NONNULL = YES;
				CLANG_ANALYZER_NUMBER_OBJECT_CONVERSION = YES_AGGRESSIVE;
				CLANG_CXX_LANGUAGE_STANDARD = "gnu++20";
				CLANG_ENABLE_MODULES = YES;
				CLANG_ENABLE_OBJC_ARC = YES;
				CLANG_ENABLE_OBJC_WEAK = YES;
				CLANG_WARN_BLOCK_CAPTURE_AUTORELEASING = YES;
				CLANG_WARN_BOOL_CONVERSION = YES;
				CLANG_WARN_COMMA = YES;
				CLANG_WARN_CONSTANT_CONVERSION = YES;
				CLANG_WARN_DEPRECATED_OBJC_IMPLEMENTATIONS = YES;
				CLANG_WARN_DIRECT_OBJC_ISA_USAGE = YES_ERROR;
				CLANG_WARN_DOCUMENTATION_COMMENTS = YES;
				CLANG_WARN_EMPTY_BODY = YES;
				CLANG_WARN_ENUM_CONVERSION = YES;
				CLANG_WARN_INFINITE_RECURSION = YES;
				CLANG_WARN_INT_CONVERSION = YES;
				CLANG_WARN_NON_LITERAL_NULL_CONVERSION = YES;
				CLANG_WARN_OBJC_IMPLICIT_RETAIN_SELF = YES;
				CLANG_WARN_OBJC_LITERAL_CONVERSION = YES;
				CLANG_WARN_OBJC_ROOT_CLASS = YES_ERROR;
				CLANG_WARN_QUOTED_INCLUDE_IN_FRAMEWORK_HEADER = YES;
				CLANG_WARN_RANGE_LOOP_ANALYSIS = YES;
				CLANG_WARN_STRICT_PROTOTYPES = YES;
				CLANG_WARN_SUSPICIOUS_MOVE = YES;
				CLANG_WARN_UNGUARDED_AVAILABILITY = YES_AGGRESSIVE;
				CLANG_WARN_UNREACHABLE_CODE = YES;
				CLANG_WARN__DUPLICATE_METHOD_MATCH = YES;
				COPY_PHASE_STRIP = NO;
				DEBUG_INFORMATION_FORMAT = "dwarf-with-dsym";
				ENABLE_NS_ASSERTIONS = NO;
				ENABLE_STRICT_OBJC_MSGSEND = YES;
				ENABLE_USER_SCRIPT_SANDBOXING = YES;
				GCC_C_LANGUAGE_STANDARD = gnu17;
				GCC_NO_COMMON_BLOCKS = YES;
				GCC_WARN_64_TO_32_BIT_CONVERSION = YES;
				GCC_WARN_ABOUT_RETURN_TYPE = YES_ERROR;
				GCC_WARN_UNDECLARED_SELECTOR = YES;
				GCC_WARN_UNINITIALIZED_AUTOS = YES_AGGRESSIVE;
				GCC_WARN_UNUSED_FUNCTION = YES;
				GCC_WARN_UNUSED_VARIABLE = YES;
				IPHONEOS_DEPLOYMENT_TARGET = 18.1;
				LOCALIZATION_PREFERS_STRING_CATALOGS = YES;
				MTL_ENABLE_DEBUG_INFO = NO;
				MTL_FAST_MATH = YES;
				SDKROOT = iphoneos;
				SWIFT_COMPILATION_MODE = wholemodule;
				VALIDATE_PRODUCT = YES;
			};
			name = Release;
		};
		C37F66F72CF1328B00496604 /* Debug */ = {
			isa = XCBuildConfiguration;
			buildSettings = {
				ASSETCATALOG_COMPILER_APPICON_NAME = AppIcon;
				ASSETCATALOG_COMPILER_GLOBAL_ACCENT_COLOR_NAME = AccentColor;
				CODE_SIGN_STYLE = Automatic;
				CURRENT_PROJECT_VERSION = 1;
				DEVELOPMENT_ASSET_PATHS = "\"DogHealthTracker/Preview Content\"";
				DEVELOPMENT_TEAM = UL4S62LZSU;
				ENABLE_PREVIEWS = YES;
				GENERATE_INFOPLIST_FILE = YES;
				INFOPLIST_KEY_UIApplicationSceneManifest_Generation = YES;
				INFOPLIST_KEY_UIApplicationSupportsIndirectInputEvents = YES;
				INFOPLIST_KEY_UILaunchScreen_Generation = YES;
				INFOPLIST_KEY_UISupportedInterfaceOrientations_iPad = "UIInterfaceOrientationPortrait UIInterfaceOrientationPortraitUpsideDown UIInterfaceOrientationLandscapeLeft UIInterfaceOrientationLandscapeRight";
				INFOPLIST_KEY_UISupportedInterfaceOrientations_iPhone = "UIInterfaceOrientationPortrait UIInterfaceOrientationLandscapeLeft UIInterfaceOrientationLandscapeRight";
				LD_RUNPATH_SEARCH_PATHS = (
					"$(inherited)",
					"@executable_path/Frameworks",
				);
				MARKETING_VERSION = 1.0;
				PRODUCT_BUNDLE_IDENTIFIER = com.sideprojects.DogHealthTracker;
				PRODUCT_NAME = "$(TARGET_NAME)";
				SWIFT_EMIT_LOC_STRINGS = YES;
				SWIFT_VERSION = 5.0;
				TARGETED_DEVICE_FAMILY = "1,2";
			};
			name = Debug;
		};
		C37F66F82CF1328B00496604 /* Release */ = {
			isa = XCBuildConfiguration;
			buildSettings = {
				ASSETCATALOG_COMPILER_APPICON_NAME = AppIcon;
				ASSETCATALOG_COMPILER_GLOBAL_ACCENT_COLOR_NAME = AccentColor;
				CODE_SIGN_STYLE = Automatic;
				CURRENT_PROJECT_VERSION = 1;
				DEVELOPMENT_ASSET_PATHS = "\"DogHealthTracker/Preview Content\"";
				DEVELOPMENT_TEAM = UL4S62LZSU;
				ENABLE_PREVIEWS = YES;
				GENERATE_INFOPLIST_FILE = YES;
				INFOPLIST_KEY_UIApplicationSceneManifest_Generation = YES;
				INFOPLIST_KEY_UIApplicationSupportsIndirectInputEvents = YES;
				INFOPLIST_KEY_UILaunchScreen_Generation = YES;
				INFOPLIST_KEY_UISupportedInterfaceOrientations_iPad = "UIInterfaceOrientationPortrait UIInterfaceOrientationPortraitUpsideDown UIInterfaceOrientationLandscapeLeft UIInterfaceOrientationLandscapeRight";
				INFOPLIST_KEY_UISupportedInterfaceOrientations_iPhone = "UIInterfaceOrientationPortrait UIInterfaceOrientationLandscapeLeft UIInterfaceOrientationLandscapeRight";
				LD_RUNPATH_SEARCH_PATHS = (
					"$(inherited)",
					"@executable_path/Frameworks",
				);
				MARKETING_VERSION = 1.0;
				PRODUCT_BUNDLE_IDENTIFIER = com.sideprojects.DogHealthTracker;
				PRODUCT_NAME = "$(TARGET_NAME)";
				SWIFT_EMIT_LOC_STRINGS = YES;
				SWIFT_VERSION = 5.0;
				TARGETED_DEVICE_FAMILY = "1,2";
			};
			name = Release;
		};
		C37F66FA2CF1328B00496604 /* Debug */ = {
			isa = XCBuildConfiguration;
			buildSettings = {
				BUNDLE_LOADER = "$(TEST_HOST)";
				CODE_SIGN_STYLE = Automatic;
				CURRENT_PROJECT_VERSION = 1;
				GENERATE_INFOPLIST_FILE = YES;
				IPHONEOS_DEPLOYMENT_TARGET = 18.1;
				MARKETING_VERSION = 1.0;
				PRODUCT_BUNDLE_IDENTIFIER = com.sideprojects.DogHealthTrackerTests;
				PRODUCT_NAME = "$(TARGET_NAME)";
				SWIFT_EMIT_LOC_STRINGS = NO;
				SWIFT_VERSION = 5.0;
				TARGETED_DEVICE_FAMILY = "1,2";
				TEST_HOST = "$(BUILT_PRODUCTS_DIR)/DogHealthTracker.app/$(BUNDLE_EXECUTABLE_FOLDER_PATH)/DogHealthTracker";
			};
			name = Debug;
		};
		C37F66FB2CF1328B00496604 /* Release */ = {
			isa = XCBuildConfiguration;
			buildSettings = {
				BUNDLE_LOADER = "$(TEST_HOST)";
				CODE_SIGN_STYLE = Automatic;
				CURRENT_PROJECT_VERSION = 1;
				GENERATE_INFOPLIST_FILE = YES;
				IPHONEOS_DEPLOYMENT_TARGET = 18.1;
				MARKETING_VERSION = 1.0;
				PRODUCT_BUNDLE_IDENTIFIER = com.sideprojects.DogHealthTrackerTests;
				PRODUCT_NAME = "$(TARGET_NAME)";
				SWIFT_EMIT_LOC_STRINGS = NO;
				SWIFT_VERSION = 5.0;
				TARGETED_DEVICE_FAMILY = "1,2";
				TEST_HOST = "$(BUILT_PRODUCTS_DIR)/DogHealthTracker.app/$(BUNDLE_EXECUTABLE_FOLDER_PATH)/DogHealthTracker";
			};
			name = Release;
		};
		C37F66FD2CF1328B00496604 /* Debug */ = {
			isa = XCBuildConfiguration;
			buildSettings = {
				CODE_SIGN_STYLE = Automatic;
				CURRENT_PROJECT_VERSION = 1;
				GENERATE_INFOPLIST_FILE = YES;
				MARKETING_VERSION = 1.0;
				PRODUCT_BUNDLE_IDENTIFIER = com.sideprojects.DogHealthTrackerUITests;
				PRODUCT_NAME = "$(TARGET_NAME)";
				SWIFT_EMIT_LOC_STRINGS = NO;
				SWIFT_VERSION = 5.0;
				TARGETED_DEVICE_FAMILY = "1,2";
				TEST_TARGET_NAME = DogHealthTracker;
			};
			name = Debug;
		};
		C37F66FE2CF1328B00496604 /* Release */ = {
			isa = XCBuildConfiguration;
			buildSettings = {
				CODE_SIGN_STYLE = Automatic;
				CURRENT_PROJECT_VERSION = 1;
				GENERATE_INFOPLIST_FILE = YES;
				MARKETING_VERSION = 1.0;
				PRODUCT_BUNDLE_IDENTIFIER = com.sideprojects.DogHealthTrackerUITests;
				PRODUCT_NAME = "$(TARGET_NAME)";
				SWIFT_EMIT_LOC_STRINGS = NO;
				SWIFT_VERSION = 5.0;
				TARGETED_DEVICE_FAMILY = "1,2";
				TEST_TARGET_NAME = DogHealthTracker;
			};
			name = Release;
		};
/* End XCBuildConfiguration section */

/* Begin XCConfigurationList section */
		C37F66C82CF1328900496604 /* Build configuration list for PBXProject "DogHealthTracker" */ = {
			isa = XCConfigurationList;
			buildConfigurations = (
				C37F66F42CF1328B00496604 /* Debug */,
				C37F66F52CF1328B00496604 /* Release */,
			);
			defaultConfigurationIsVisible = 0;
			defaultConfigurationName = Release;
		};
		C37F66F62CF1328B00496604 /* Build configuration list for PBXNativeTarget "DogHealthTracker" */ = {
			isa = XCConfigurationList;
			buildConfigurations = (
				C37F66F72CF1328B00496604 /* Debug */,
				C37F66F82CF1328B00496604 /* Release */,
			);
			defaultConfigurationIsVisible = 0;
			defaultConfigurationName = Release;
		};
		C37F66F92CF1328B00496604 /* Build configuration list for PBXNativeTarget "DogHealthTrackerTests" */ = {
			isa = XCConfigurationList;
			buildConfigurations = (
				C37F66FA2CF1328B00496604 /* Debug */,
				C37F66FB2CF1328B00496604 /* Release */,
			);
			defaultConfigurationIsVisible = 0;
			defaultConfigurationName = Release;
		};
		C37F66FC2CF1328B00496604 /* Build configuration list for PBXNativeTarget "DogHealthTrackerUITests" */ = {
			isa = XCConfigurationList;
			buildConfigurations = (
				C37F66FD2CF1328B00496604 /* Debug */,
				C37F66FE2CF1328B00496604 /* Release */,
			);
			defaultConfigurationIsVisible = 0;
			defaultConfigurationName = Release;
		};
/* End XCConfigurationList section */
	};
	rootObject = C37F66C52CF1328900496604 /* Project object */;
}
